
Microsoft Visual Studio Solution File, Format Version 12.00
# Visual Studio Version 17
VisualStudioVersion = 17.0.31903.59
MinimumVisualStudioVersion = 10.0.40219.1
Project("{2150E333-8FDC-42A3-9474-1A3956D46DE8}") = "src", "src", "{4E83A530-914D-42B9-9202-D5040705A286}"
EndProject
Project("{FAE04EC0-301F-11D3-BF4B-00C04F79EFBC}") = "Api", "src\Api\Api.csproj", "{99421C74-6D50-448C-899B-EA9A0ADD15AE}"
EndProject
Project("{FAE04EC0-301F-11D3-BF4B-00C04F79EFBC}") = "Application", "src\Application\Application.csproj", "{3C10C33B-E4DE-4775-A213-9BF9E3C53337}"
EndProject
Project("{FAE04EC0-301F-11D3-BF4B-00C04F79EFBC}") = "Contracts", "src\Contracts\Contracts.csproj", "{2853D97F-91D1-4E38-A857-36F8FC2B92E7}"
EndProject
Project("{FAE04EC0-301F-11D3-BF4B-00C04F79EFBC}") = "Domain", "src\Domain\Domain.csproj", "{72EBA8B2-219E-443A-AF35-6EFC9295229B}"
EndProject
Project("{FAE04EC0-301F-11D3-BF4B-00C04F79EFBC}") = "Infrastructure", "src\Infrastructure\Infrastructure.csproj", "{C6A9E852-18DB-48B5-802C-1AF0B8305BDD}"
EndProject
Project("{2150E333-8FDC-42A3-9474-1A3956D46DE8}") = "tests", "tests", "{6A1ED1CE-C824-4755-8052-67ADC3974DD0}"
EndProject
Project("{FAE04EC0-301F-11D3-BF4B-00C04F79EFBC}") = "Application.Tests", "tests\Application.Tests\Application.Tests.csproj", "{33E782FC-21A8-4BCD-9DFF-7A882E6C8564}"
EndProject
Project("{FAE04EC0-301F-11D3-BF4B-00C04F79EFBC}") = "Domain.Tests", "tests\Domain.Tests\Domain.Tests.csproj", "{15D71F40-7A9B-45F5-99A7-216B44AE3B66}"
EndProject
Project("{FAE04EC0-301F-11D3-BF4B-00C04F79EFBC}") = "Infrastructure.Tests", "tests\Infrastructure.Tests\Infrastructure.Tests.csproj", "{6A3EC7D6-70D8-4455-925D-280B74D6FC03}"
EndProject
Global
	GlobalSection(SolutionConfigurationPlatforms) = preSolution
		Debug|Any CPU = Debug|Any CPU
		Release|Any CPU = Release|Any CPU
	EndGlobalSection
	GlobalSection(SolutionProperties) = preSolution
		HideSolutionNode = FALSE
	EndGlobalSection
	GlobalSection(ProjectConfigurationPlatforms) = postSolution
		{99421C74-6D50-448C-899B-EA9A0ADD15AE}.Debug|Any CPU.ActiveCfg = Debug|Any CPU
		{99421C74-6D50-448C-899B-EA9A0ADD15AE}.Debug|Any CPU.Build.0 = Debug|Any CPU
		{99421C74-6D50-448C-899B-EA9A0ADD15AE}.Release|Any CPU.ActiveCfg = Release|Any CPU
		{99421C74-6D50-448C-899B-EA9A0ADD15AE}.Release|Any CPU.Build.0 = Release|Any CPU
		{3C10C33B-E4DE-4775-A213-9BF9E3C53337}.Debug|Any CPU.ActiveCfg = Debug|Any CPU
		{3C10C33B-E4DE-4775-A213-9BF9E3C53337}.Debug|Any CPU.Build.0 = Debug|Any CPU
		{3C10C33B-E4DE-4775-A213-9BF9E3C53337}.Release|Any CPU.ActiveCfg = Release|Any CPU
		{3C10C33B-E4DE-4775-A213-9BF9E3C53337}.Release|Any CPU.Build.0 = Release|Any CPU
		{2853D97F-91D1-4E38-A857-36F8FC2B92E7}.Debug|Any CPU.ActiveCfg = Debug|Any CPU
		{2853D97F-91D1-4E38-A857-36F8FC2B92E7}.Debug|Any CPU.Build.0 = Debug|Any CPU
		{2853D97F-91D1-4E38-A857-36F8FC2B92E7}.Release|Any CPU.ActiveCfg = Release|Any CPU
		{2853D97F-91D1-4E38-A857-36F8FC2B92E7}.Release|Any CPU.Build.0 = Release|Any CPU
		{72EBA8B2-219E-443A-AF35-6EFC9295229B}.Debug|Any CPU.ActiveCfg = Debug|Any CPU
		{72EBA8B2-219E-443A-AF35-6EFC9295229B}.Debug|Any CPU.Build.0 = Debug|Any CPU
		{72EBA8B2-219E-443A-AF35-6EFC9295229B}.Release|Any CPU.ActiveCfg = Release|Any CPU
		{72EBA8B2-219E-443A-AF35-6EFC9295229B}.Release|Any CPU.Build.0 = Release|Any CPU
		{C6A9E852-18DB-48B5-802C-1AF0B8305BDD}.Debug|Any CPU.ActiveCfg = Debug|Any CPU
		{C6A9E852-18DB-48B5-802C-1AF0B8305BDD}.Debug|Any CPU.Build.0 = Debug|Any CPU
		{C6A9E852-18DB-48B5-802C-1AF0B8305BDD}.Release|Any CPU.ActiveCfg = Release|Any CPU
		{C6A9E852-18DB-48B5-802C-1AF0B8305BDD}.Release|Any CPU.Build.0 = Release|Any CPU
		{33E782FC-21A8-4BCD-9DFF-7A882E6C8564}.Debug|Any CPU.ActiveCfg = Debug|Any CPU
		{33E782FC-21A8-4BCD-9DFF-7A882E6C8564}.Debug|Any CPU.Build.0 = Debug|Any CPU
		{33E782FC-21A8-4BCD-9DFF-7A882E6C8564}.Release|Any CPU.ActiveCfg = Release|Any CPU
		{33E782FC-21A8-4BCD-9DFF-7A882E6C8564}.Release|Any CPU.Build.0 = Release|Any CPU
		{15D71F40-7A9B-45F5-99A7-216B44AE3B66}.Debug|Any CPU.ActiveCfg = Debug|Any CPU
		{15D71F40-7A9B-45F5-99A7-216B44AE3B66}.Debug|Any CPU.Build.0 = Debug|Any CPU
		{15D71F40-7A9B-45F5-99A7-216B44AE3B66}.Release|Any CPU.ActiveCfg = Release|Any CPU
		{15D71F40-7A9B-45F5-99A7-216B44AE3B66}.Release|Any CPU.Build.0 = Release|Any CPU
		{6A3EC7D6-70D8-4455-925D-280B74D6FC03}.Debug|Any CPU.ActiveCfg = Debug|Any CPU
		{6A3EC7D6-70D8-4455-925D-280B74D6FC03}.Debug|Any CPU.Build.0 = Debug|Any CPU
		{6A3EC7D6-70D8-4455-925D-280B74D6FC03}.Release|Any CPU.ActiveCfg = Release|Any CPU
		{6A3EC7D6-70D8-4455-925D-280B74D6FC03}.Release|Any CPU.Build.0 = Release|Any CPU
	EndGlobalSection
	GlobalSection(NestedProjects) = preSolution
		{99421C74-6D50-448C-899B-EA9A0ADD15AE} = {4E83A530-914D-42B9-9202-D5040705A286}
		{3C10C33B-E4DE-4775-A213-9BF9E3C53337} = {4E83A530-914D-42B9-9202-D5040705A286}
		{2853D97F-91D1-4E38-A857-36F8FC2B92E7} = {4E83A530-914D-42B9-9202-D5040705A286}
		{72EBA8B2-219E-443A-AF35-6EFC9295229B} = {4E83A530-914D-42B9-9202-D5040705A286}
		{C6A9E852-18DB-48B5-802C-1AF0B8305BDD} = {4E83A530-914D-42B9-9202-D5040705A286}
		{33E782FC-21A8-4BCD-9DFF-7A882E6C8564} = {6A1ED1CE-C824-4755-8052-67ADC3974DD0}
		{15D71F40-7A9B-45F5-99A7-216B44AE3B66} = {6A1ED1CE-C824-4755-8052-67ADC3974DD0}
		{6A3EC7D6-70D8-4455-925D-280B74D6FC03} = {6A1ED1CE-C824-4755-8052-67ADC3974DD0}
	EndGlobalSection
EndGlobal
